
Microsoft Visual Studio Solution File, Format Version 12.00
# Visual Studio Version 17
VisualStudioVersion = 17.5.33414.496
MinimumVisualStudioVersion = 10.0.40219.1
Project("{FAE04EC0-301F-11D3-BF4B-00C04F79EFBC}") = "NewTest", "NewTest\NewTest.csproj", "{D2606805-5266-4490-811B-507754B6FDC8}"
EndProject
Global
	GlobalSection(SolutionConfigurationPlatforms) = preSolution
		Debug|Any CPU = Debug|Any CPU
		Release|Any CPU = Release|Any CPU
	EndGlobalSection
	GlobalSection(ProjectConfigurationPlatforms) = postSolution
		{D2606805-5266-4490-811B-507754B6FDC8}.Debug|Any CPU.ActiveCfg = Debug|Any CPU
		{D2606805-5266-4490-811B-507754B6FDC8}.Debug|Any CPU.Build.0 = Debug|Any CPU
		{D2606805-5266-4490-811B-507754B6FDC8}.Release|Any CPU.ActiveCfg = Release|Any CPU
		{D2606805-5266-4490-811B-507754B6FDC8}.Release|Any CPU.Build.0 = Release|Any CPU
	EndGlobalSection
	GlobalSection(SolutionProperties) = preSolution
		HideSolutionNode = FALSE
	EndGlobalSection
	GlobalSection(ExtensibilityGlobals) = postSolution
		SolutionGuid = {76DE01C8-E2EE-43DD-A88A-43A20F6B76E5}
	EndGlobalSection
EndGlobal
